// !$*UTF8*$!
{
	archiveVersion = 1;
	classes = {
	};
	objectVersion = 56;
	objects = {

/* Begin PBXBuildFile section */
		BF3317B22A271BBC002B2E5D /* MenuScene.swift in Sources */ = {isa = PBXBuildFile; fileRef = BF3317B12A271BBC002B2E5D /* MenuScene.swift */; };
		BF7D7E162A28690F0029D21A /* button_sound.mp3 in Resources */ = {isa = PBXBuildFile; fileRef = BF7D7E152A28690F0029D21A /* button_sound.mp3 */; };
		D80D43132A35FE7400F21756 /* InteractionController.swift in Sources */ = {isa = PBXBuildFile; fileRef = D80D43122A35FE7400F21756 /* InteractionController.swift */; };
		D82F9F612A30BF790079FE4A /* HealthManager.swift in Sources */ = {isa = PBXBuildFile; fileRef = D82F9F602A30BF790079FE4A /* HealthManager.swift */; };
		D82F9F6D2A31CB260079FE4A /* ExplosionAnimation.swift in Sources */ = {isa = PBXBuildFile; fileRef = D82F9F6C2A31CB260079FE4A /* ExplosionAnimation.swift */; };
		D82F9F712A31EADD0079FE4A /* explosion.atlas in Resources */ = {isa = PBXBuildFile; fileRef = D82F9F6E2A31EADC0079FE4A /* explosion.atlas */; };
		D82F9F722A31EADD0079FE4A /* explosion2.atlas in Resources */ = {isa = PBXBuildFile; fileRef = D82F9F6F2A31EADD0079FE4A /* explosion2.atlas */; };
		D82F9F732A31EADD0079FE4A /* blackhole.atlas in Resources */ = {isa = PBXBuildFile; fileRef = D82F9F702A31EADD0079FE4A /* blackhole.atlas */; };
		D83681B72A263F03005A5EEB /* GameManager.swift in Sources */ = {isa = PBXBuildFile; fileRef = D83681B42A262B70005A5EEB /* GameManager.swift */; };
		D83681BB2A263F08005A5EEB /* CharacterFactory.swift in Sources */ = {isa = PBXBuildFile; fileRef = D83681B52A262B70005A5EEB /* CharacterFactory.swift */; };
		D83681C52A26740E005A5EEB /* Skill.swift in Sources */ = {isa = PBXBuildFile; fileRef = D83681C42A26740E005A5EEB /* Skill.swift */; };
		D83681C92A26EB4E005A5EEB /* PlayerPosition.swift in Sources */ = {isa = PBXBuildFile; fileRef = D83681C82A26EB4E005A5EEB /* PlayerPosition.swift */; };
		D87C0A5B2A34625D00442546 /* AnimationProtocol.swift in Sources */ = {isa = PBXBuildFile; fileRef = D87C0A5A2A34625D00442546 /* AnimationProtocol.swift */; };
		D87C0A5D2A3468AB00442546 /* AnimationFactory.swift in Sources */ = {isa = PBXBuildFile; fileRef = D87C0A5C2A3468AB00442546 /* AnimationFactory.swift */; };
		D87C0A5F2A34775B00442546 /* BlackHoleAnimation.swift in Sources */ = {isa = PBXBuildFile; fileRef = D87C0A5E2A34775B00442546 /* BlackHoleAnimation.swift */; };
		D87C0A652A34A50100442546 /* ObstacleObjectFactory.swift in Sources */ = {isa = PBXBuildFile; fileRef = D87C0A642A34A50100442546 /* ObstacleObjectFactory.swift */; };
		D87C0A672A34A52C00442546 /* ObstacleObjectProtocol.swift in Sources */ = {isa = PBXBuildFile; fileRef = D87C0A662A34A52C00442546 /* ObstacleObjectProtocol.swift */; };
		D87C0A6B2A34A54900442546 /* ObstacleObject.swift in Sources */ = {isa = PBXBuildFile; fileRef = D87C0A6A2A34A54900442546 /* ObstacleObject.swift */; };
		D87C0A6D2A34AF4700442546 /* Building.swift in Sources */ = {isa = PBXBuildFile; fileRef = D87C0A6C2A34AF4700442546 /* Building.swift */; };
		D87C0A6F2A34CCA100442546 /* DrawObstacle.swift in Sources */ = {isa = PBXBuildFile; fileRef = D87C0A6E2A34CCA100442546 /* DrawObstacle.swift */; };
		D87C0A712A34DECA00442546 /* ObjectShakeAnimation.swift in Sources */ = {isa = PBXBuildFile; fileRef = D87C0A702A34DECA00442546 /* ObjectShakeAnimation.swift */; };
		D87FE9C32A358E480041AB3E /* TestScene2.swift in Sources */ = {isa = PBXBuildFile; fileRef = D87FE9C22A358E480041AB3E /* TestScene2.swift */; };
		D88E76912A29AF1D00C2FA63 /* CGExtension.swift in Sources */ = {isa = PBXBuildFile; fileRef = D88E76902A29AF1D00C2FA63 /* CGExtension.swift */; };
		D8A06B032A37787400437491 /* TextFieldView.swift in Sources */ = {isa = PBXBuildFile; fileRef = D8A06B022A37787400437491 /* TextFieldView.swift */; };
		D8A06B052A37A60D00437491 /* Trap.swift in Sources */ = {isa = PBXBuildFile; fileRef = D8A06B042A37A60D00437491 /* Trap.swift */; };
		D8A06B072A37AAE100437491 /* TrapInteraction.swift in Sources */ = {isa = PBXBuildFile; fileRef = D8A06B062A37AAE100437491 /* TrapInteraction.swift */; };
		D8A0B8662A29E0D500FECC8E /* SkillButton.swift in Sources */ = {isa = PBXBuildFile; fileRef = D8A0B8652A29E0D500FECC8E /* SkillButton.swift */; };
		D8A5498E2A385240006D6296 /* ExplosionInteraction.swift in Sources */ = {isa = PBXBuildFile; fileRef = D8A5498D2A385240006D6296 /* ExplosionInteraction.swift */; };
		D8B822C22A3621DB007CB884 /* BallInteraction.swift in Sources */ = {isa = PBXBuildFile; fileRef = D8B822C12A3621DB007CB884 /* BallInteraction.swift */; };
		D8B822C42A3633CA007CB884 /* WallInteraction.swift in Sources */ = {isa = PBXBuildFile; fileRef = D8B822C32A3633CA007CB884 /* WallInteraction.swift */; };
		D8B822C62A363770007CB884 /* BuildingInteraction.swift in Sources */ = {isa = PBXBuildFile; fileRef = D8B822C52A363770007CB884 /* BuildingInteraction.swift */; };
		D8B822C82A3638A6007CB884 /* DrawObstacleInteraction.swift in Sources */ = {isa = PBXBuildFile; fileRef = D8B822C72A3638A6007CB884 /* DrawObstacleInteraction.swift */; };
		D8B822CA2A36E62E007CB884 /* PolypolyStats.swift in Sources */ = {isa = PBXBuildFile; fileRef = D8B822C92A36E62E007CB884 /* PolypolyStats.swift */; };
		D8B822CF2A36FA0E007CB884 /* InputNameScene.swift in Sources */ = {isa = PBXBuildFile; fileRef = D8B822CE2A36FA0E007CB884 /* InputNameScene.swift */; };
		D8B822D22A370299007CB884 /* HomeScene.swift in Sources */ = {isa = PBXBuildFile; fileRef = D8B822D12A370299007CB884 /* HomeScene.swift */; };
		D8B822DD2A370369007CB884 /* startbackground.atlas in Resources */ = {isa = PBXBuildFile; fileRef = D8B822DC2A370369007CB884 /* startbackground.atlas */; };
		D8B822E02A370A21007CB884 /* SKExtension.swift in Sources */ = {isa = PBXBuildFile; fileRef = D8B822DF2A370A21007CB884 /* SKExtension.swift */; };
		D8B822E22A375FB9007CB884 /* UIExtension.swift in Sources */ = {isa = PBXBuildFile; fileRef = D8B822E12A375FB9007CB884 /* UIExtension.swift */; };
		D8BCFDB22A2A4CDC00F46D5F /* SceneZAxis.swift in Sources */ = {isa = PBXBuildFile; fileRef = D8BCFDB12A2A4CDC00F46D5F /* SceneZAxis.swift */; };
		D8BCFDB62A2B6E5300F46D5F /* MainScene.swift in Sources */ = {isa = PBXBuildFile; fileRef = D8BCFDB52A2B6E5300F46D5F /* MainScene.swift */; };
		D8BCFDB72A2B6E5300F46D5F /* MainScene.swift in Sources */ = {isa = PBXBuildFile; fileRef = D8BCFDB52A2B6E5300F46D5F /* MainScene.swift */; };
		D8BCFDB82A2B6E5300F46D5F /* MainScene.swift in Sources */ = {isa = PBXBuildFile; fileRef = D8BCFDB52A2B6E5300F46D5F /* MainScene.swift */; };
		D8BCFDBE2A2CD03200F46D5F /* ObjectPosition.swift in Sources */ = {isa = PBXBuildFile; fileRef = D8BCFDBD2A2CD03100F46D5F /* ObjectPosition.swift */; };
		D8BE1EC72A01F7E9002CC0D0 /* Arrow.swift in Sources */ = {isa = PBXBuildFile; fileRef = D8BE1EC62A01F7E9002CC0D0 /* Arrow.swift */; };
		D8BE1EC92A01F9E7002CC0D0 /* Line.swift in Sources */ = {isa = PBXBuildFile; fileRef = D8BE1EC82A01F9E6002CC0D0 /* Line.swift */; };
		D8CDCE372A20487B005996F8 /* Background.swift in Sources */ = {isa = PBXBuildFile; fileRef = D8CDCE362A20487B005996F8 /* Background.swift */; };
		D8CF0AFB29FE41610056A94D /* AppDelegate.swift in Sources */ = {isa = PBXBuildFile; fileRef = D8CF0AFA29FE41610056A94D /* AppDelegate.swift */; };
		D8CF0AFD29FE41610056A94D /* GameScene.sks in Resources */ = {isa = PBXBuildFile; fileRef = D8CF0AFC29FE41610056A94D /* GameScene.sks */; };
		D8CF0AFF29FE41610056A94D /* Actions.sks in Resources */ = {isa = PBXBuildFile; fileRef = D8CF0AFE29FE41610056A94D /* Actions.sks */; };
		D8CF0B0129FE41610056A94D /* GameScene.swift in Sources */ = {isa = PBXBuildFile; fileRef = D8CF0B0029FE41610056A94D /* GameScene.swift */; };
		D8CF0B0329FE41610056A94D /* GameViewController.swift in Sources */ = {isa = PBXBuildFile; fileRef = D8CF0B0229FE41610056A94D /* GameViewController.swift */; };
		D8CF0B0629FE41610056A94D /* Main.storyboard in Resources */ = {isa = PBXBuildFile; fileRef = D8CF0B0429FE41610056A94D /* Main.storyboard */; };
		D8CF0B0829FE41640056A94D /* Assets.xcassets in Resources */ = {isa = PBXBuildFile; fileRef = D8CF0B0729FE41640056A94D /* Assets.xcassets */; };
		D8CF0B0B29FE41640056A94D /* LaunchScreen.storyboard in Resources */ = {isa = PBXBuildFile; fileRef = D8CF0B0929FE41640056A94D /* LaunchScreen.storyboard */; };
		D8CF0B1529FE41640056A94D /* polypolyTests.swift in Sources */ = {isa = PBXBuildFile; fileRef = D8CF0B1429FE41640056A94D /* polypolyTests.swift */; };
		D8CF0B1F29FE41640056A94D /* polypolyUITests.swift in Sources */ = {isa = PBXBuildFile; fileRef = D8CF0B1E29FE41640056A94D /* polypolyUITests.swift */; };
		D8CF0B2129FE41640056A94D /* polypolyUITestsLaunchTests.swift in Sources */ = {isa = PBXBuildFile; fileRef = D8CF0B2029FE41640056A94D /* polypolyUITestsLaunchTests.swift */; };
		D8CF0B3029FE4C5F0056A94D /* InitialScene.swift in Sources */ = {isa = PBXBuildFile; fileRef = D8CF0B2F29FE4C5F0056A94D /* InitialScene.swift */; };
		D8CF0B3429FE834B0056A94D /* Wall.swift in Sources */ = {isa = PBXBuildFile; fileRef = D8CF0B3329FE834B0056A94D /* Wall.swift */; };
		D8CF0B3629FE87A80056A94D /* PhysicsCategory.swift in Sources */ = {isa = PBXBuildFile; fileRef = D8CF0B3529FE87A80056A94D /* PhysicsCategory.swift */; };
		D8CF0B3829FE885A0056A94D /* Ball.swift in Sources */ = {isa = PBXBuildFile; fileRef = D8CF0B3729FE885A0056A94D /* Ball.swift */; };
		D8E2F0342A386F6B004EA179 /* skill_draw.png in Resources */ = {isa = PBXBuildFile; fileRef = D8E2F0302A386F6A004EA179 /* skill_draw.png */; };
		D8E2F0352A386F6B004EA179 /* skill_building.png in Resources */ = {isa = PBXBuildFile; fileRef = D8E2F0312A386F6B004EA179 /* skill_building.png */; };
		D8E2F0362A386F6B004EA179 /* skill_trap.png in Resources */ = {isa = PBXBuildFile; fileRef = D8E2F0322A386F6B004EA179 /* skill_trap.png */; };
		D8E2F0372A386F6B004EA179 /* skill_move.png in Resources */ = {isa = PBXBuildFile; fileRef = D8E2F0332A386F6B004EA179 /* skill_move.png */; };
		D8FEDBBF2A35A8E200621A44 /* PhysicsMass.swift in Sources */ = {isa = PBXBuildFile; fileRef = D8FEDBBE2A35A8E200621A44 /* PhysicsMass.swift */; };
		D8FEDBC12A35CF0C00621A44 /* TeamManager.swift in Sources */ = {isa = PBXBuildFile; fileRef = D8FEDBC02A35CF0C00621A44 /* TeamManager.swift */; };
		E70BD4CF2A2DE6E0006437D7 /* DeviceManager.swift in Sources */ = {isa = PBXBuildFile; fileRef = E70BD4CE2A2DE6E0006437D7 /* DeviceManager.swift */; };
		E712FBEA2A2831D8005282AE /* TestScene.swift in Sources */ = {isa = PBXBuildFile; fileRef = E712FBE92A2831D8005282AE /* TestScene.swift */; };
		E772E55D2A2F9B02004CCCA8 /* Utils.swift in Sources */ = {isa = PBXBuildFile; fileRef = E772E55C2A2F9B02004CCCA8 /* Utils.swift */; };
		E772E55F2A3068CD004CCCA8 /* SkillManager.swift in Sources */ = {isa = PBXBuildFile; fileRef = E772E55E2A3068CD004CCCA8 /* SkillManager.swift */; };
		E777172B2A35C63900A914F1 /* EnergyBar.swift in Sources */ = {isa = PBXBuildFile; fileRef = E777172A2A35C63900A914F1 /* EnergyBar.swift */; };
		E777172D2A35DB8E00A914F1 /* Energy.swift in Sources */ = {isa = PBXBuildFile; fileRef = E777172C2A35DB8E00A914F1 /* Energy.swift */; };
		E777172F2A35E06900A914F1 /* PhysicalDelegate.swift in Sources */ = {isa = PBXBuildFile; fileRef = E777172E2A35E06900A914F1 /* PhysicalDelegate.swift */; };
		E77864792A2AFC8000280EBF /* TestScene copy.sks in Resources */ = {isa = PBXBuildFile; fileRef = E77864782A2AFC8000280EBF /* TestScene copy.sks */; };
		E79EBC022A2DD57E00D83B66 /* LobbyManager.swift in Sources */ = {isa = PBXBuildFile; fileRef = E79EBC012A2DD57E00D83B66 /* LobbyManager.swift */; };
		E79EBC042A2DD61700D83B66 /* BaseMessageHandler.swift in Sources */ = {isa = PBXBuildFile; fileRef = E79EBC032A2DD61700D83B66 /* BaseMessageHandler.swift */; };
		E7A234062A1DFBB900F0F7F9 /* Character.swift in Sources */ = {isa = PBXBuildFile; fileRef = E7A234052A1DFBB900F0F7F9 /* Character.swift */; };
		E7A234082A1E006600F0F7F9 /* InputManager.swift in Sources */ = {isa = PBXBuildFile; fileRef = E7A234072A1E006600F0F7F9 /* InputManager.swift */; };
		E7A979402A0D55F70056B6BC /* ConnectionManager.swift in Sources */ = {isa = PBXBuildFile; fileRef = E7A9793F2A0D55F70056B6BC /* ConnectionManager.swift */; };
		E7F5EDAD2A11DD3700AB6597 /* Dispatcher.swift in Sources */ = {isa = PBXBuildFile; fileRef = E7F5EDAC2A11DD3700AB6597 /* Dispatcher.swift */; };
		E7F5EDB02A11E55F00AB6597 /* CoreDefine.swift in Sources */ = {isa = PBXBuildFile; fileRef = E7F5EDAF2A11E55F00AB6597 /* CoreDefine.swift */; };
		E7F60EE72A386328006464E6 /* SoccorGameScene.swift in Sources */ = {isa = PBXBuildFile; fileRef = E7F60EE62A386328006464E6 /* SoccorGameScene.swift */; };
		E7FE28F32A28E9130057A1A1 /* Button.swift in Sources */ = {isa = PBXBuildFile; fileRef = E7FE28F22A28E9130057A1A1 /* Button.swift */; };
		E7FE28F82A28EF3F0057A1A1 /* EventTests.swift in Sources */ = {isa = PBXBuildFile; fileRef = E7FE28F72A28EF3F0057A1A1 /* EventTests.swift */; };
		E7FE28FA2A28F1CF0057A1A1 /* Event.swift in Sources */ = {isa = PBXBuildFile; fileRef = E7FE28F42A28ECB30057A1A1 /* Event.swift */; };
		E7FE28FC2A2907990057A1A1 /* Protocols.swift in Sources */ = {isa = PBXBuildFile; fileRef = E7FE28FB2A2907990057A1A1 /* Protocols.swift */; };
		E7FE29022A29F3780057A1A1 /* Pointer.swift in Sources */ = {isa = PBXBuildFile; fileRef = E7FE29012A29F3780057A1A1 /* Pointer.swift */; };
		E7FE290F2A2AD6880057A1A1 /* Canvas.swift in Sources */ = {isa = PBXBuildFile; fileRef = E7FE290E2A2AD6880057A1A1 /* Canvas.swift */; };
/* End PBXBuildFile section */

/* Begin PBXContainerItemProxy section */
		D8CF0B1129FE41640056A94D /* PBXContainerItemProxy */ = {
			isa = PBXContainerItemProxy;
			containerPortal = D8CF0AEF29FE41610056A94D /* Project object */;
			proxyType = 1;
			remoteGlobalIDString = D8CF0AF629FE41610056A94D;
			remoteInfo = polypoly;
		};
		D8CF0B1B29FE41640056A94D /* PBXContainerItemProxy */ = {
			isa = PBXContainerItemProxy;
			containerPortal = D8CF0AEF29FE41610056A94D /* Project object */;
			proxyType = 1;
			remoteGlobalIDString = D8CF0AF629FE41610056A94D;
			remoteInfo = polypoly;
		};
/* End PBXContainerItemProxy section */

/* Begin PBXFileReference section */
		BF3317B12A271BBC002B2E5D /* MenuScene.swift */ = {isa = PBXFileReference; lastKnownFileType = sourcecode.swift; path = MenuScene.swift; sourceTree = "<group>"; };
		BF7D7E152A28690F0029D21A /* button_sound.mp3 */ = {isa = PBXFileReference; lastKnownFileType = audio.mp3; path = button_sound.mp3; sourceTree = "<group>"; };
		D80D43122A35FE7400F21756 /* InteractionController.swift */ = {isa = PBXFileReference; lastKnownFileType = sourcecode.swift; path = InteractionController.swift; sourceTree = "<group>"; };
		D82F9F602A30BF790079FE4A /* HealthManager.swift */ = {isa = PBXFileReference; lastKnownFileType = sourcecode.swift; path = HealthManager.swift; sourceTree = "<group>"; };
		D82F9F6C2A31CB260079FE4A /* ExplosionAnimation.swift */ = {isa = PBXFileReference; lastKnownFileType = sourcecode.swift; path = ExplosionAnimation.swift; sourceTree = "<group>"; };
		D82F9F6E2A31EADC0079FE4A /* explosion.atlas */ = {isa = PBXFileReference; lastKnownFileType = folder.skatlas; path = explosion.atlas; sourceTree = "<group>"; };
		D82F9F6F2A31EADD0079FE4A /* explosion2.atlas */ = {isa = PBXFileReference; lastKnownFileType = folder.skatlas; path = explosion2.atlas; sourceTree = "<group>"; };
		D82F9F702A31EADD0079FE4A /* blackhole.atlas */ = {isa = PBXFileReference; lastKnownFileType = folder.skatlas; path = blackhole.atlas; sourceTree = "<group>"; };
		D83681B42A262B70005A5EEB /* GameManager.swift */ = {isa = PBXFileReference; lastKnownFileType = sourcecode.swift; path = GameManager.swift; sourceTree = "<group>"; };
		D83681B52A262B70005A5EEB /* CharacterFactory.swift */ = {isa = PBXFileReference; lastKnownFileType = sourcecode.swift; path = CharacterFactory.swift; sourceTree = "<group>"; };
		D83681C42A26740E005A5EEB /* Skill.swift */ = {isa = PBXFileReference; lastKnownFileType = sourcecode.swift; path = Skill.swift; sourceTree = "<group>"; };
		D83681C82A26EB4E005A5EEB /* PlayerPosition.swift */ = {isa = PBXFileReference; lastKnownFileType = sourcecode.swift; path = PlayerPosition.swift; sourceTree = "<group>"; };
		D87C0A5A2A34625D00442546 /* AnimationProtocol.swift */ = {isa = PBXFileReference; lastKnownFileType = sourcecode.swift; path = AnimationProtocol.swift; sourceTree = "<group>"; };
		D87C0A5C2A3468AB00442546 /* AnimationFactory.swift */ = {isa = PBXFileReference; lastKnownFileType = sourcecode.swift; path = AnimationFactory.swift; sourceTree = "<group>"; };
		D87C0A5E2A34775B00442546 /* BlackHoleAnimation.swift */ = {isa = PBXFileReference; lastKnownFileType = sourcecode.swift; path = BlackHoleAnimation.swift; sourceTree = "<group>"; };
		D87C0A642A34A50100442546 /* ObstacleObjectFactory.swift */ = {isa = PBXFileReference; lastKnownFileType = sourcecode.swift; path = ObstacleObjectFactory.swift; sourceTree = "<group>"; };
		D87C0A662A34A52C00442546 /* ObstacleObjectProtocol.swift */ = {isa = PBXFileReference; lastKnownFileType = sourcecode.swift; path = ObstacleObjectProtocol.swift; sourceTree = "<group>"; };
		D87C0A6A2A34A54900442546 /* ObstacleObject.swift */ = {isa = PBXFileReference; lastKnownFileType = sourcecode.swift; path = ObstacleObject.swift; sourceTree = "<group>"; };
		D87C0A6C2A34AF4700442546 /* Building.swift */ = {isa = PBXFileReference; lastKnownFileType = sourcecode.swift; path = Building.swift; sourceTree = "<group>"; };
		D87C0A6E2A34CCA100442546 /* DrawObstacle.swift */ = {isa = PBXFileReference; lastKnownFileType = sourcecode.swift; path = DrawObstacle.swift; sourceTree = "<group>"; };
		D87C0A702A34DECA00442546 /* ObjectShakeAnimation.swift */ = {isa = PBXFileReference; lastKnownFileType = sourcecode.swift; path = ObjectShakeAnimation.swift; sourceTree = "<group>"; };
		D87FE9C22A358E480041AB3E /* TestScene2.swift */ = {isa = PBXFileReference; lastKnownFileType = sourcecode.swift; path = TestScene2.swift; sourceTree = "<group>"; };
		D88E76902A29AF1D00C2FA63 /* CGExtension.swift */ = {isa = PBXFileReference; lastKnownFileType = sourcecode.swift; path = CGExtension.swift; sourceTree = "<group>"; };
		D8A06B022A37787400437491 /* TextFieldView.swift */ = {isa = PBXFileReference; lastKnownFileType = sourcecode.swift; path = TextFieldView.swift; sourceTree = "<group>"; };
		D8A06B042A37A60D00437491 /* Trap.swift */ = {isa = PBXFileReference; lastKnownFileType = sourcecode.swift; path = Trap.swift; sourceTree = "<group>"; };
		D8A06B062A37AAE100437491 /* TrapInteraction.swift */ = {isa = PBXFileReference; lastKnownFileType = sourcecode.swift; path = TrapInteraction.swift; sourceTree = "<group>"; };
		D8A0B8652A29E0D500FECC8E /* SkillButton.swift */ = {isa = PBXFileReference; lastKnownFileType = sourcecode.swift; path = SkillButton.swift; sourceTree = "<group>"; };
		D8A5498D2A385240006D6296 /* ExplosionInteraction.swift */ = {isa = PBXFileReference; lastKnownFileType = sourcecode.swift; path = ExplosionInteraction.swift; sourceTree = "<group>"; };
		D8B822C12A3621DB007CB884 /* BallInteraction.swift */ = {isa = PBXFileReference; lastKnownFileType = sourcecode.swift; path = BallInteraction.swift; sourceTree = "<group>"; };
		D8B822C32A3633CA007CB884 /* WallInteraction.swift */ = {isa = PBXFileReference; lastKnownFileType = sourcecode.swift; path = WallInteraction.swift; sourceTree = "<group>"; };
		D8B822C52A363770007CB884 /* BuildingInteraction.swift */ = {isa = PBXFileReference; lastKnownFileType = sourcecode.swift; path = BuildingInteraction.swift; sourceTree = "<group>"; };
		D8B822C72A3638A6007CB884 /* DrawObstacleInteraction.swift */ = {isa = PBXFileReference; lastKnownFileType = sourcecode.swift; path = DrawObstacleInteraction.swift; sourceTree = "<group>"; };
		D8B822C92A36E62E007CB884 /* PolypolyStats.swift */ = {isa = PBXFileReference; lastKnownFileType = sourcecode.swift; path = PolypolyStats.swift; sourceTree = "<group>"; };
		D8B822CE2A36FA0E007CB884 /* InputNameScene.swift */ = {isa = PBXFileReference; lastKnownFileType = sourcecode.swift; path = InputNameScene.swift; sourceTree = "<group>"; };
		D8B822D12A370299007CB884 /* HomeScene.swift */ = {isa = PBXFileReference; lastKnownFileType = sourcecode.swift; path = HomeScene.swift; sourceTree = "<group>"; };
		D8B822DC2A370369007CB884 /* startbackground.atlas */ = {isa = PBXFileReference; lastKnownFileType = folder.skatlas; path = startbackground.atlas; sourceTree = "<group>"; };
		D8B822DF2A370A21007CB884 /* SKExtension.swift */ = {isa = PBXFileReference; lastKnownFileType = sourcecode.swift; path = SKExtension.swift; sourceTree = "<group>"; };
		D8B822E12A375FB9007CB884 /* UIExtension.swift */ = {isa = PBXFileReference; lastKnownFileType = sourcecode.swift; path = UIExtension.swift; sourceTree = "<group>"; };
		D8BCFDB12A2A4CDC00F46D5F /* SceneZAxis.swift */ = {isa = PBXFileReference; lastKnownFileType = sourcecode.swift; path = SceneZAxis.swift; sourceTree = "<group>"; };
		D8BCFDB52A2B6E5300F46D5F /* MainScene.swift */ = {isa = PBXFileReference; fileEncoding = 4; lastKnownFileType = sourcecode.swift; path = MainScene.swift; sourceTree = "<group>"; };
		D8BCFDBD2A2CD03100F46D5F /* ObjectPosition.swift */ = {isa = PBXFileReference; lastKnownFileType = sourcecode.swift; path = ObjectPosition.swift; sourceTree = "<group>"; };
		D8BE1EC62A01F7E9002CC0D0 /* Arrow.swift */ = {isa = PBXFileReference; lastKnownFileType = sourcecode.swift; path = Arrow.swift; sourceTree = "<group>"; };
		D8BE1EC82A01F9E6002CC0D0 /* Line.swift */ = {isa = PBXFileReference; lastKnownFileType = sourcecode.swift; path = Line.swift; sourceTree = "<group>"; };
		D8CDCE362A20487B005996F8 /* Background.swift */ = {isa = PBXFileReference; fileEncoding = 4; lastKnownFileType = sourcecode.swift; name = Background.swift; path = polypoly/Background.swift; sourceTree = SOURCE_ROOT; };
		D8CF0AF729FE41610056A94D /* polypoly.app */ = {isa = PBXFileReference; explicitFileType = wrapper.application; includeInIndex = 0; path = polypoly.app; sourceTree = BUILT_PRODUCTS_DIR; };
		D8CF0AFA29FE41610056A94D /* AppDelegate.swift */ = {isa = PBXFileReference; lastKnownFileType = sourcecode.swift; path = AppDelegate.swift; sourceTree = "<group>"; };
		D8CF0AFC29FE41610056A94D /* GameScene.sks */ = {isa = PBXFileReference; lastKnownFileType = file.sks; path = GameScene.sks; sourceTree = "<group>"; };
		D8CF0AFE29FE41610056A94D /* Actions.sks */ = {isa = PBXFileReference; lastKnownFileType = file.sks; path = Actions.sks; sourceTree = "<group>"; };
		D8CF0B0029FE41610056A94D /* GameScene.swift */ = {isa = PBXFileReference; lastKnownFileType = sourcecode.swift; path = GameScene.swift; sourceTree = "<group>"; };
		D8CF0B0229FE41610056A94D /* GameViewController.swift */ = {isa = PBXFileReference; lastKnownFileType = sourcecode.swift; path = GameViewController.swift; sourceTree = "<group>"; };
		D8CF0B0529FE41610056A94D /* Base */ = {isa = PBXFileReference; lastKnownFileType = file.storyboard; name = Base; path = Base.lproj/Main.storyboard; sourceTree = "<group>"; };
		D8CF0B0729FE41640056A94D /* Assets.xcassets */ = {isa = PBXFileReference; lastKnownFileType = folder.assetcatalog; path = Assets.xcassets; sourceTree = "<group>"; };
		D8CF0B0A29FE41640056A94D /* Base */ = {isa = PBXFileReference; lastKnownFileType = file.storyboard; name = Base; path = Base.lproj/LaunchScreen.storyboard; sourceTree = "<group>"; };
		D8CF0B1029FE41640056A94D /* polypolyTests.xctest */ = {isa = PBXFileReference; explicitFileType = wrapper.cfbundle; includeInIndex = 0; path = polypolyTests.xctest; sourceTree = BUILT_PRODUCTS_DIR; };
		D8CF0B1429FE41640056A94D /* polypolyTests.swift */ = {isa = PBXFileReference; lastKnownFileType = sourcecode.swift; path = polypolyTests.swift; sourceTree = "<group>"; };
		D8CF0B1A29FE41640056A94D /* polypolyUITests.xctest */ = {isa = PBXFileReference; explicitFileType = wrapper.cfbundle; includeInIndex = 0; path = polypolyUITests.xctest; sourceTree = BUILT_PRODUCTS_DIR; };
		D8CF0B1E29FE41640056A94D /* polypolyUITests.swift */ = {isa = PBXFileReference; lastKnownFileType = sourcecode.swift; path = polypolyUITests.swift; sourceTree = "<group>"; };
		D8CF0B2029FE41640056A94D /* polypolyUITestsLaunchTests.swift */ = {isa = PBXFileReference; lastKnownFileType = sourcecode.swift; path = polypolyUITestsLaunchTests.swift; sourceTree = "<group>"; };
		D8CF0B2F29FE4C5F0056A94D /* InitialScene.swift */ = {isa = PBXFileReference; lastKnownFileType = sourcecode.swift; path = InitialScene.swift; sourceTree = "<group>"; };
		D8CF0B3329FE834B0056A94D /* Wall.swift */ = {isa = PBXFileReference; lastKnownFileType = sourcecode.swift; path = Wall.swift; sourceTree = "<group>"; };
		D8CF0B3529FE87A80056A94D /* PhysicsCategory.swift */ = {isa = PBXFileReference; lastKnownFileType = sourcecode.swift; path = PhysicsCategory.swift; sourceTree = "<group>"; };
		D8CF0B3729FE885A0056A94D /* Ball.swift */ = {isa = PBXFileReference; lastKnownFileType = sourcecode.swift; path = Ball.swift; sourceTree = "<group>"; };
		D8E2F0302A386F6A004EA179 /* skill_draw.png */ = {isa = PBXFileReference; lastKnownFileType = image.png; path = skill_draw.png; sourceTree = "<group>"; };
		D8E2F0312A386F6B004EA179 /* skill_building.png */ = {isa = PBXFileReference; lastKnownFileType = image.png; path = skill_building.png; sourceTree = "<group>"; };
		D8E2F0322A386F6B004EA179 /* skill_trap.png */ = {isa = PBXFileReference; lastKnownFileType = image.png; path = skill_trap.png; sourceTree = "<group>"; };
		D8E2F0332A386F6B004EA179 /* skill_move.png */ = {isa = PBXFileReference; lastKnownFileType = image.png; path = skill_move.png; sourceTree = "<group>"; };
		D8FEDBBE2A35A8E200621A44 /* PhysicsMass.swift */ = {isa = PBXFileReference; lastKnownFileType = sourcecode.swift; path = PhysicsMass.swift; sourceTree = "<group>"; };
		D8FEDBC02A35CF0C00621A44 /* TeamManager.swift */ = {isa = PBXFileReference; lastKnownFileType = sourcecode.swift; path = TeamManager.swift; sourceTree = "<group>"; };
		E70BD4CE2A2DE6E0006437D7 /* DeviceManager.swift */ = {isa = PBXFileReference; lastKnownFileType = sourcecode.swift; path = DeviceManager.swift; sourceTree = "<group>"; };
		E712FBE92A2831D8005282AE /* TestScene.swift */ = {isa = PBXFileReference; lastKnownFileType = sourcecode.swift; path = TestScene.swift; sourceTree = "<group>"; };
		E772E55C2A2F9B02004CCCA8 /* Utils.swift */ = {isa = PBXFileReference; lastKnownFileType = sourcecode.swift; path = Utils.swift; sourceTree = "<group>"; };
		E772E55E2A3068CD004CCCA8 /* SkillManager.swift */ = {isa = PBXFileReference; lastKnownFileType = sourcecode.swift; path = SkillManager.swift; sourceTree = "<group>"; };
		E777172A2A35C63900A914F1 /* EnergyBar.swift */ = {isa = PBXFileReference; lastKnownFileType = sourcecode.swift; path = EnergyBar.swift; sourceTree = "<group>"; };
		E777172C2A35DB8E00A914F1 /* Energy.swift */ = {isa = PBXFileReference; lastKnownFileType = sourcecode.swift; path = Energy.swift; sourceTree = "<group>"; };
		E777172E2A35E06900A914F1 /* PhysicalDelegate.swift */ = {isa = PBXFileReference; lastKnownFileType = sourcecode.swift; path = PhysicalDelegate.swift; sourceTree = "<group>"; };
		E77864782A2AFC8000280EBF /* TestScene copy.sks */ = {isa = PBXFileReference; lastKnownFileType = file.sks; path = "TestScene copy.sks"; sourceTree = "<group>"; };
		E79EBC012A2DD57E00D83B66 /* LobbyManager.swift */ = {isa = PBXFileReference; lastKnownFileType = sourcecode.swift; path = LobbyManager.swift; sourceTree = "<group>"; };
		E79EBC032A2DD61700D83B66 /* BaseMessageHandler.swift */ = {isa = PBXFileReference; lastKnownFileType = sourcecode.swift; path = BaseMessageHandler.swift; sourceTree = "<group>"; };
		E7A234052A1DFBB900F0F7F9 /* Character.swift */ = {isa = PBXFileReference; lastKnownFileType = sourcecode.swift; path = Character.swift; sourceTree = "<group>"; };
		E7A234072A1E006600F0F7F9 /* InputManager.swift */ = {isa = PBXFileReference; lastKnownFileType = sourcecode.swift; path = InputManager.swift; sourceTree = "<group>"; };
		E7A9793F2A0D55F70056B6BC /* ConnectionManager.swift */ = {isa = PBXFileReference; lastKnownFileType = sourcecode.swift; path = ConnectionManager.swift; sourceTree = "<group>"; };
		E7F5EDAC2A11DD3700AB6597 /* Dispatcher.swift */ = {isa = PBXFileReference; lastKnownFileType = sourcecode.swift; path = Dispatcher.swift; sourceTree = "<group>"; };
		E7F5EDAF2A11E55F00AB6597 /* CoreDefine.swift */ = {isa = PBXFileReference; lastKnownFileType = sourcecode.swift; path = CoreDefine.swift; sourceTree = "<group>"; };
		E7F60EE62A386328006464E6 /* SoccorGameScene.swift */ = {isa = PBXFileReference; lastKnownFileType = sourcecode.swift; path = SoccorGameScene.swift; sourceTree = "<group>"; };
		E7FE28F22A28E9130057A1A1 /* Button.swift */ = {isa = PBXFileReference; lastKnownFileType = sourcecode.swift; path = Button.swift; sourceTree = "<group>"; };
		E7FE28F42A28ECB30057A1A1 /* Event.swift */ = {isa = PBXFileReference; lastKnownFileType = sourcecode.swift; path = Event.swift; sourceTree = "<group>"; };
		E7FE28F72A28EF3F0057A1A1 /* EventTests.swift */ = {isa = PBXFileReference; lastKnownFileType = sourcecode.swift; path = EventTests.swift; sourceTree = "<group>"; };
		E7FE28FB2A2907990057A1A1 /* Protocols.swift */ = {isa = PBXFileReference; lastKnownFileType = sourcecode.swift; path = Protocols.swift; sourceTree = "<group>"; };
		E7FE29012A29F3780057A1A1 /* Pointer.swift */ = {isa = PBXFileReference; lastKnownFileType = sourcecode.swift; path = Pointer.swift; sourceTree = "<group>"; };
		E7FE290E2A2AD6880057A1A1 /* Canvas.swift */ = {isa = PBXFileReference; lastKnownFileType = sourcecode.swift; path = Canvas.swift; sourceTree = "<group>"; };
/* End PBXFileReference section */

/* Begin PBXFrameworksBuildPhase section */
		D8CF0AF429FE41610056A94D /* Frameworks */ = {
			isa = PBXFrameworksBuildPhase;
			buildActionMask = 2147483647;
			files = (
			);
			runOnlyForDeploymentPostprocessing = 0;
		};
		D8CF0B0D29FE41640056A94D /* Frameworks */ = {
			isa = PBXFrameworksBuildPhase;
			buildActionMask = 2147483647;
			files = (
			);
			runOnlyForDeploymentPostprocessing = 0;
		};
		D8CF0B1729FE41640056A94D /* Frameworks */ = {
			isa = PBXFrameworksBuildPhase;
			buildActionMask = 2147483647;
			files = (
			);
			runOnlyForDeploymentPostprocessing = 0;
		};
/* End PBXFrameworksBuildPhase section */

/* Begin PBXGroup section */
		BF7D7E142A2868490029D21A /* SoundEffect */ = {
			isa = PBXGroup;
			children = (
				BF7D7E152A28690F0029D21A /* button_sound.mp3 */,
			);
			path = SoundEffect;
			sourceTree = "<group>";
		};
		D80D43112A35FE3100F21756 /* PhysicalDelegate */ = {
			isa = PBXGroup;
			children = (
				D8FEDBBE2A35A8E200621A44 /* PhysicsMass.swift */,
				E777172E2A35E06900A914F1 /* PhysicalDelegate.swift */,
				D80D43122A35FE7400F21756 /* InteractionController.swift */,
				D8B822C12A3621DB007CB884 /* BallInteraction.swift */,
				D8B822C32A3633CA007CB884 /* WallInteraction.swift */,
				D8B822C52A363770007CB884 /* BuildingInteraction.swift */,
				D8B822C72A3638A6007CB884 /* DrawObstacleInteraction.swift */,
				D8A06B062A37AAE100437491 /* TrapInteraction.swift */,
				D8A5498D2A385240006D6296 /* ExplosionInteraction.swift */,
			);
			path = PhysicalDelegate;
			sourceTree = "<group>";
		};
		D82F9F622A31CA790079FE4A /* Atlas */ = {
			isa = PBXGroup;
			children = (
				D8B822DC2A370369007CB884 /* startbackground.atlas */,
				D82F9F6E2A31EADC0079FE4A /* explosion.atlas */,
				D82F9F6F2A31EADD0079FE4A /* explosion2.atlas */,
				D82F9F702A31EADD0079FE4A /* blackhole.atlas */,
			);
			path = Atlas;
			sourceTree = "<group>";
		};
		D82F9F6B2A31CB000079FE4A /* Animation */ = {
			isa = PBXGroup;
			children = (
				D87C0A5A2A34625D00442546 /* AnimationProtocol.swift */,
				D87C0A5C2A3468AB00442546 /* AnimationFactory.swift */,
				D82F9F6C2A31CB260079FE4A /* ExplosionAnimation.swift */,
				D87C0A5E2A34775B00442546 /* BlackHoleAnimation.swift */,
				D87C0A702A34DECA00442546 /* ObjectShakeAnimation.swift */,
			);
			path = Animation;
			sourceTree = "<group>";
		};
		D83681B22A262B70005A5EEB /* Manager */ = {
			isa = PBXGroup;
			children = (
				E70BD4CE2A2DE6E0006437D7 /* DeviceManager.swift */,
				E7A234072A1E006600F0F7F9 /* InputManager.swift */,
				D83681B42A262B70005A5EEB /* GameManager.swift */,
				E79EBC012A2DD57E00D83B66 /* LobbyManager.swift */,
				E772E55E2A3068CD004CCCA8 /* SkillManager.swift */,
				E7FE290E2A2AD6880057A1A1 /* Canvas.swift */,
				E777172C2A35DB8E00A914F1 /* Energy.swift */,
			);
			path = Manager;
			sourceTree = "<group>";
		};
		D83681C02A267238005A5EEB /* Charcter */ = {
			isa = PBXGroup;
			children = (
				D83681B52A262B70005A5EEB /* CharacterFactory.swift */,
				E7A234052A1DFBB900F0F7F9 /* Character.swift */,
				D8FEDBC02A35CF0C00621A44 /* TeamManager.swift */,
			);
			path = Charcter;
			sourceTree = "<group>";
		};
		D87C0A632A34A4E100442546 /* ObstacleObject */ = {
			isa = PBXGroup;
			children = (
				D87C0A642A34A50100442546 /* ObstacleObjectFactory.swift */,
				D87C0A662A34A52C00442546 /* ObstacleObjectProtocol.swift */,
				D87C0A6A2A34A54900442546 /* ObstacleObject.swift */,
				D87C0A6C2A34AF4700442546 /* Building.swift */,
				D87C0A6E2A34CCA100442546 /* DrawObstacle.swift */,
				D8A06B042A37A60D00437491 /* Trap.swift */,
			);
			path = ObstacleObject;
			sourceTree = "<group>";
		};
		D88E768F2A29AEB700C2FA63 /* Extension */ = {
			isa = PBXGroup;
			children = (
				D8B822E12A375FB9007CB884 /* UIExtension.swift */,
				D8B822DF2A370A21007CB884 /* SKExtension.swift */,
				D88E76902A29AF1D00C2FA63 /* CGExtension.swift */,
				D8BCFDBD2A2CD03100F46D5F /* ObjectPosition.swift */,
				D83681C82A26EB4E005A5EEB /* PlayerPosition.swift */,
				D8BCFDB12A2A4CDC00F46D5F /* SceneZAxis.swift */,
			);
			path = Extension;
			sourceTree = "<group>";
		};
		D8A06B012A37786100437491 /* UIView */ = {
			isa = PBXGroup;
			children = (
				D8A06B022A37787400437491 /* TextFieldView.swift */,
			);
			path = UIView;
			sourceTree = "<group>";
		};
		D8B822D02A37020F007CB884 /* Resourse */ = {
			isa = PBXGroup;
			children = (
				D8E2F02F2A386E4E004EA179 /* SkillButton */,
				BF7D7E142A2868490029D21A /* SoundEffect */,
				D82F9F622A31CA790079FE4A /* Atlas */,
			);
			path = Resourse;
			sourceTree = "<group>";
		};
		D8CDCE322A1F4301005996F8 /* Object */ = {
			isa = PBXGroup;
			children = (
				D87C0A632A34A4E100442546 /* ObstacleObject */,
				D8CDCE362A20487B005996F8 /* Background.swift */,
				D8CF0B3529FE87A80056A94D /* PhysicsCategory.swift */,
				D8BE1EC82A01F9E6002CC0D0 /* Line.swift */,
				D8CF0B3329FE834B0056A94D /* Wall.swift */,
				D8BE1EC62A01F7E9002CC0D0 /* Arrow.swift */,
				E777172A2A35C63900A914F1 /* EnergyBar.swift */,
				D8CF0B3729FE885A0056A94D /* Ball.swift */,
				E7FE28F22A28E9130057A1A1 /* Button.swift */,
				D8A0B8652A29E0D500FECC8E /* SkillButton.swift */,
				E7FE29012A29F3780057A1A1 /* Pointer.swift */,
			);
			path = Object;
			sourceTree = "<group>";
		};
		D8CDCE332A1F431F005996F8 /* Scene */ = {
			isa = PBXGroup;
			children = (
				D8A06B012A37786100437491 /* UIView */,
				D80D43112A35FE3100F21756 /* PhysicalDelegate */,
				D8BCFDB52A2B6E5300F46D5F /* MainScene.swift */,
				D8CF0B0029FE41610056A94D /* GameScene.swift */,
				D8CF0B2F29FE4C5F0056A94D /* InitialScene.swift */,
				E77864782A2AFC8000280EBF /* TestScene copy.sks */,
				E712FBE92A2831D8005282AE /* TestScene.swift */,
				D87FE9C22A358E480041AB3E /* TestScene2.swift */,
				BF3317B12A271BBC002B2E5D /* MenuScene.swift */,
				D8B822CE2A36FA0E007CB884 /* InputNameScene.swift */,
				D8B822D12A370299007CB884 /* HomeScene.swift */,
				E7F60EE62A386328006464E6 /* SoccorGameScene.swift */,
			);
			path = Scene;
			sourceTree = "<group>";
		};
		D8CF0AEE29FE41610056A94D = {
			isa = PBXGroup;
			children = (
				D8B822C92A36E62E007CB884 /* PolypolyStats.swift */,
				D8B822D02A37020F007CB884 /* Resourse */,
				D8CF0AF929FE41610056A94D /* polypoly */,
				E7F5EDAE2A11E52E00AB6597 /* Basic */,
				D83681B22A262B70005A5EEB /* Manager */,
				E7A9793E2A0D55AC0056B6BC /* NetworkConnection */,
				D8CF0B1329FE41640056A94D /* polypolyTests */,
				D8CF0B1D29FE41640056A94D /* polypolyUITests */,
				D8CF0AF829FE41610056A94D /* Products */,
			);
			sourceTree = "<group>";
		};
		D8CF0AF829FE41610056A94D /* Products */ = {
			isa = PBXGroup;
			children = (
				D8CF0AF729FE41610056A94D /* polypoly.app */,
				D8CF0B1029FE41640056A94D /* polypolyTests.xctest */,
				D8CF0B1A29FE41640056A94D /* polypolyUITests.xctest */,
			);
			name = Products;
			sourceTree = "<group>";
		};
		D8CF0AF929FE41610056A94D /* polypoly */ = {
			isa = PBXGroup;
			children = (
				D82F9F6B2A31CB000079FE4A /* Animation */,
				D83681C02A267238005A5EEB /* Charcter */,
				D8CDCE332A1F431F005996F8 /* Scene */,
				D8CDCE322A1F4301005996F8 /* Object */,
				D8CF0B0229FE41610056A94D /* GameViewController.swift */,
				D8CF0AFA29FE41610056A94D /* AppDelegate.swift */,
				D8CF0AFC29FE41610056A94D /* GameScene.sks */,
				D8CF0AFE29FE41610056A94D /* Actions.sks */,
				D8CF0B0429FE41610056A94D /* Main.storyboard */,
				D8CF0B0729FE41640056A94D /* Assets.xcassets */,
				D8CF0B0929FE41640056A94D /* LaunchScreen.storyboard */,
			);
			path = polypoly;
			sourceTree = "<group>";
		};
		D8CF0B1329FE41640056A94D /* polypolyTests */ = {
			isa = PBXGroup;
			children = (
				D8CF0B1429FE41640056A94D /* polypolyTests.swift */,
				E7FE28F72A28EF3F0057A1A1 /* EventTests.swift */,
			);
			path = polypolyTests;
			sourceTree = "<group>";
		};
		D8CF0B1D29FE41640056A94D /* polypolyUITests */ = {
			isa = PBXGroup;
			children = (
				D8CF0B1E29FE41640056A94D /* polypolyUITests.swift */,
				D8CF0B2029FE41640056A94D /* polypolyUITestsLaunchTests.swift */,
			);
			path = polypolyUITests;
			sourceTree = "<group>";
		};
		D8E2F02F2A386E4E004EA179 /* SkillButton */ = {
			isa = PBXGroup;
			children = (
				D8E2F0312A386F6B004EA179 /* skill_building.png */,
				D8E2F0302A386F6A004EA179 /* skill_draw.png */,
				D8E2F0332A386F6B004EA179 /* skill_move.png */,
				D8E2F0322A386F6B004EA179 /* skill_trap.png */,
			);
			path = SkillButton;
			sourceTree = "<group>";
		};
		E7A9793E2A0D55AC0056B6BC /* NetworkConnection */ = {
			isa = PBXGroup;
			children = (
				E7A9793F2A0D55F70056B6BC /* ConnectionManager.swift */,
				E7F5EDAC2A11DD3700AB6597 /* Dispatcher.swift */,
				E79EBC032A2DD61700D83B66 /* BaseMessageHandler.swift */,
			);
			path = NetworkConnection;
			sourceTree = "<group>";
		};
		E7F5EDAE2A11E52E00AB6597 /* Basic */ = {
			isa = PBXGroup;
			children = (
				D88E768F2A29AEB700C2FA63 /* Extension */,
				D83681C42A26740E005A5EEB /* Skill.swift */,
				E7F5EDAF2A11E55F00AB6597 /* CoreDefine.swift */,
				E7FE28F42A28ECB30057A1A1 /* Event.swift */,
				E7FE28FB2A2907990057A1A1 /* Protocols.swift */,
				E772E55C2A2F9B02004CCCA8 /* Utils.swift */,
				D82F9F602A30BF790079FE4A /* HealthManager.swift */,
			);
			path = Basic;
			sourceTree = "<group>";
		};
/* End PBXGroup section */

/* Begin PBXNativeTarget section */
		D8CF0AF629FE41610056A94D /* polypoly */ = {
			isa = PBXNativeTarget;
			buildConfigurationList = D8CF0B2429FE41640056A94D /* Build configuration list for PBXNativeTarget "polypoly" */;
			buildPhases = (
				D8CF0AF329FE41610056A94D /* Sources */,
				D8CF0AF429FE41610056A94D /* Frameworks */,
				D8CF0AF529FE41610056A94D /* Resources */,
			);
			buildRules = (
			);
			dependencies = (
			);
			name = polypoly;
			productName = polypoly;
			productReference = D8CF0AF729FE41610056A94D /* polypoly.app */;
			productType = "com.apple.product-type.application";
		};
		D8CF0B0F29FE41640056A94D /* polypolyTests */ = {
			isa = PBXNativeTarget;
			buildConfigurationList = D8CF0B2729FE41640056A94D /* Build configuration list for PBXNativeTarget "polypolyTests" */;
			buildPhases = (
				D8CF0B0C29FE41640056A94D /* Sources */,
				D8CF0B0D29FE41640056A94D /* Frameworks */,
				D8CF0B0E29FE41640056A94D /* Resources */,
			);
			buildRules = (
			);
			dependencies = (
				D8CF0B1229FE41640056A94D /* PBXTargetDependency */,
			);
			name = polypolyTests;
			productName = polypolyTests;
			productReference = D8CF0B1029FE41640056A94D /* polypolyTests.xctest */;
			productType = "com.apple.product-type.bundle.unit-test";
		};
		D8CF0B1929FE41640056A94D /* polypolyUITests */ = {
			isa = PBXNativeTarget;
			buildConfigurationList = D8CF0B2A29FE41640056A94D /* Build configuration list for PBXNativeTarget "polypolyUITests" */;
			buildPhases = (
				D8CF0B1629FE41640056A94D /* Sources */,
				D8CF0B1729FE41640056A94D /* Frameworks */,
				D8CF0B1829FE41640056A94D /* Resources */,
			);
			buildRules = (
			);
			dependencies = (
				D8CF0B1C29FE41640056A94D /* PBXTargetDependency */,
			);
			name = polypolyUITests;
			productName = polypolyUITests;
			productReference = D8CF0B1A29FE41640056A94D /* polypolyUITests.xctest */;
			productType = "com.apple.product-type.bundle.ui-testing";
		};
/* End PBXNativeTarget section */

/* Begin PBXProject section */
		D8CF0AEF29FE41610056A94D /* Project object */ = {
			isa = PBXProject;
			attributes = {
				BuildIndependentTargetsInParallel = 1;
				KnownAssetTags = (
					New,
				);
				LastSwiftUpdateCheck = 1430;
				LastUpgradeCheck = 1430;
				TargetAttributes = {
					D8CF0AF629FE41610056A94D = {
						CreatedOnToolsVersion = 14.3;
					};
					D8CF0B0F29FE41640056A94D = {
						CreatedOnToolsVersion = 14.3;
						TestTargetID = D8CF0AF629FE41610056A94D;
					};
					D8CF0B1929FE41640056A94D = {
						CreatedOnToolsVersion = 14.3;
						TestTargetID = D8CF0AF629FE41610056A94D;
					};
				};
			};
			buildConfigurationList = D8CF0AF229FE41610056A94D /* Build configuration list for PBXProject "polypoly" */;
			compatibilityVersion = "Xcode 14.0";
			developmentRegion = en;
			hasScannedForEncodings = 0;
			knownRegions = (
				en,
				Base,
			);
			mainGroup = D8CF0AEE29FE41610056A94D;
			productRefGroup = D8CF0AF829FE41610056A94D /* Products */;
			projectDirPath = "";
			projectRoot = "";
			targets = (
				D8CF0AF629FE41610056A94D /* polypoly */,
				D8CF0B0F29FE41640056A94D /* polypolyTests */,
				D8CF0B1929FE41640056A94D /* polypolyUITests */,
			);
		};
/* End PBXProject section */

/* Begin PBXResourcesBuildPhase section */
		D8CF0AF529FE41610056A94D /* Resources */ = {
			isa = PBXResourcesBuildPhase;
			buildActionMask = 2147483647;
			files = (
				D8E2F0362A386F6B004EA179 /* skill_trap.png in Resources */,
				D8CF0B0629FE41610056A94D /* Main.storyboard in Resources */,
				D8CF0AFD29FE41610056A94D /* GameScene.sks in Resources */,
				E77864792A2AFC8000280EBF /* TestScene copy.sks in Resources */,
				D82F9F732A31EADD0079FE4A /* blackhole.atlas in Resources */,
				D82F9F712A31EADD0079FE4A /* explosion.atlas in Resources */,
				D8E2F0372A386F6B004EA179 /* skill_move.png in Resources */,
				D8CF0B0829FE41640056A94D /* Assets.xcassets in Resources */,
				D8CF0B0B29FE41640056A94D /* LaunchScreen.storyboard in Resources */,
				D8CF0AFF29FE41610056A94D /* Actions.sks in Resources */,
				D8B822DD2A370369007CB884 /* startbackground.atlas in Resources */,
				D8E2F0342A386F6B004EA179 /* skill_draw.png in Resources */,
				BF7D7E162A28690F0029D21A /* button_sound.mp3 in Resources */,
				D82F9F722A31EADD0079FE4A /* explosion2.atlas in Resources */,
				D8E2F0352A386F6B004EA179 /* skill_building.png in Resources */,
			);
			runOnlyForDeploymentPostprocessing = 0;
		};
		D8CF0B0E29FE41640056A94D /* Resources */ = {
			isa = PBXResourcesBuildPhase;
			buildActionMask = 2147483647;
			files = (
			);
			runOnlyForDeploymentPostprocessing = 0;
		};
		D8CF0B1829FE41640056A94D /* Resources */ = {
			isa = PBXResourcesBuildPhase;
			buildActionMask = 2147483647;
			files = (
			);
			runOnlyForDeploymentPostprocessing = 0;
		};
/* End PBXResourcesBuildPhase section */

/* Begin PBXSourcesBuildPhase section */
		D8CF0AF329FE41610056A94D /* Sources */ = {
			isa = PBXSourcesBuildPhase;
			buildActionMask = 2147483647;
			files = (
				D87C0A5F2A34775B00442546 /* BlackHoleAnimation.swift in Sources */,
				D8B822CF2A36FA0E007CB884 /* InputNameScene.swift in Sources */,
				D8A06B032A37787400437491 /* TextFieldView.swift in Sources */,
				E7F60EE72A386328006464E6 /* SoccorGameScene.swift in Sources */,
				D83681C52A26740E005A5EEB /* Skill.swift in Sources */,
				D8B822C42A3633CA007CB884 /* WallInteraction.swift in Sources */,
				E7FE290F2A2AD6880057A1A1 /* Canvas.swift in Sources */,
				D83681C92A26EB4E005A5EEB /* PlayerPosition.swift in Sources */,
				D8BCFDB62A2B6E5300F46D5F /* MainScene.swift in Sources */,
				D8B822C62A363770007CB884 /* BuildingInteraction.swift in Sources */,
				D8CF0B3829FE885A0056A94D /* Ball.swift in Sources */,
				D8B822E02A370A21007CB884 /* SKExtension.swift in Sources */,
				D8A06B072A37AAE100437491 /* TrapInteraction.swift in Sources */,
				D8B822C22A3621DB007CB884 /* BallInteraction.swift in Sources */,
				D87C0A712A34DECA00442546 /* ObjectShakeAnimation.swift in Sources */,
				E7F5EDAD2A11DD3700AB6597 /* Dispatcher.swift in Sources */,
				D87C0A6D2A34AF4700442546 /* Building.swift in Sources */,
				D8CF0B0129FE41610056A94D /* GameScene.swift in Sources */,
				E7A979402A0D55F70056B6BC /* ConnectionManager.swift in Sources */,
				E772E55D2A2F9B02004CCCA8 /* Utils.swift in Sources */,
				E7A979402A0D55F70056B6BC /* ConnectionManager.swift in Sources */,
				D82F9F6D2A31CB260079FE4A /* ExplosionAnimation.swift in Sources */,
				E7A979402A0D55F70056B6BC /* ConnectionManager.swift in Sources */,
				D83681BB2A263F08005A5EEB /* CharacterFactory.swift in Sources */,
				D8CDCE372A20487B005996F8 /* Background.swift in Sources */,
				D8FEDBBF2A35A8E200621A44 /* PhysicsMass.swift in Sources */,
				E79EBC042A2DD61700D83B66 /* BaseMessageHandler.swift in Sources */,
				D8CF0B3429FE834B0056A94D /* Wall.swift in Sources */,
				E777172B2A35C63900A914F1 /* EnergyBar.swift in Sources */,
				E7FE28FA2A28F1CF0057A1A1 /* Event.swift in Sources */,
				E7FE28F32A28E9130057A1A1 /* Button.swift in Sources */,
				D8CF0B3029FE4C5F0056A94D /* InitialScene.swift in Sources */,
				E7A234062A1DFBB900F0F7F9 /* Character.swift in Sources */,
				D87C0A6B2A34A54900442546 /* ObstacleObject.swift in Sources */,
				D8B822E22A375FB9007CB884 /* UIExtension.swift in Sources */,
				D87C0A5D2A3468AB00442546 /* AnimationFactory.swift in Sources */,
				D8BCFDB22A2A4CDC00F46D5F /* SceneZAxis.swift in Sources */,
				D87C0A652A34A50100442546 /* ObstacleObjectFactory.swift in Sources */,
				D8B822D22A370299007CB884 /* HomeScene.swift in Sources */,
				D87C0A672A34A52C00442546 /* ObstacleObjectProtocol.swift in Sources */,
				D8CF0B0329FE41610056A94D /* GameViewController.swift in Sources */,
				D87C0A6F2A34CCA100442546 /* DrawObstacle.swift in Sources */,
				E712FBEA2A2831D8005282AE /* TestScene.swift in Sources */,
				D8CF0AFB29FE41610056A94D /* AppDelegate.swift in Sources */,
				D8B822CA2A36E62E007CB884 /* PolypolyStats.swift in Sources */,
				D80D43132A35FE7400F21756 /* InteractionController.swift in Sources */,
				D8CF0B3629FE87A80056A94D /* PhysicsCategory.swift in Sources */,
				D87FE9C32A358E480041AB3E /* TestScene2.swift in Sources */,
				D83681B72A263F03005A5EEB /* GameManager.swift in Sources */,
				E7FE29022A29F3780057A1A1 /* Pointer.swift in Sources */,
				D8BE1EC72A01F7E9002CC0D0 /* Arrow.swift in Sources */,
				D8A5498E2A385240006D6296 /* ExplosionInteraction.swift in Sources */,
				E772E55F2A3068CD004CCCA8 /* SkillManager.swift in Sources */,
				E7F5EDB02A11E55F00AB6597 /* CoreDefine.swift in Sources */,
				D8FEDBC12A35CF0C00621A44 /* TeamManager.swift in Sources */,
				E7FE28FC2A2907990057A1A1 /* Protocols.swift in Sources */,
				D88E76912A29AF1D00C2FA63 /* CGExtension.swift in Sources */,
				D8A0B8662A29E0D500FECC8E /* SkillButton.swift in Sources */,
				D8B822C82A3638A6007CB884 /* DrawObstacleInteraction.swift in Sources */,
				BF3317B22A271BBC002B2E5D /* MenuScene.swift in Sources */,
				D87C0A5B2A34625D00442546 /* AnimationProtocol.swift in Sources */,
				E79EBC022A2DD57E00D83B66 /* LobbyManager.swift in Sources */,
				E7A234082A1E006600F0F7F9 /* InputManager.swift in Sources */,
				D8A06B052A37A60D00437491 /* Trap.swift in Sources */,
				E70BD4CF2A2DE6E0006437D7 /* DeviceManager.swift in Sources */,
				E777172D2A35DB8E00A914F1 /* Energy.swift in Sources */,
				D8BCFDBE2A2CD03200F46D5F /* ObjectPosition.swift in Sources */,
				E7A234082A1E006600F0F7F9 /* InputManager.swift in Sources */,
				D8BE1EC92A01F9E7002CC0D0 /* Line.swift in Sources */,
				D82F9F612A30BF790079FE4A /* HealthManager.swift in Sources */,
				E777172F2A35E06900A914F1 /* PhysicalDelegate.swift in Sources */,
			);
			runOnlyForDeploymentPostprocessing = 0;
		};
		D8CF0B0C29FE41640056A94D /* Sources */ = {
			isa = PBXSourcesBuildPhase;
			buildActionMask = 2147483647;
			files = (
				D8BCFDB72A2B6E5300F46D5F /* MainScene.swift in Sources */,
				E7FE28F82A28EF3F0057A1A1 /* EventTests.swift in Sources */,
				D8CF0B1529FE41640056A94D /* polypolyTests.swift in Sources */,
			);
			runOnlyForDeploymentPostprocessing = 0;
		};
		D8CF0B1629FE41640056A94D /* Sources */ = {
			isa = PBXSourcesBuildPhase;
			buildActionMask = 2147483647;
			files = (
				D8BCFDB82A2B6E5300F46D5F /* MainScene.swift in Sources */,
				D8CF0B2129FE41640056A94D /* polypolyUITestsLaunchTests.swift in Sources */,
				D8CF0B1F29FE41640056A94D /* polypolyUITests.swift in Sources */,
			);
			runOnlyForDeploymentPostprocessing = 0;
		};
/* End PBXSourcesBuildPhase section */

/* Begin PBXTargetDependency section */
		D8CF0B1229FE41640056A94D /* PBXTargetDependency */ = {
			isa = PBXTargetDependency;
			target = D8CF0AF629FE41610056A94D /* polypoly */;
			targetProxy = D8CF0B1129FE41640056A94D /* PBXContainerItemProxy */;
		};
		D8CF0B1C29FE41640056A94D /* PBXTargetDependency */ = {
			isa = PBXTargetDependency;
			target = D8CF0AF629FE41610056A94D /* polypoly */;
			targetProxy = D8CF0B1B29FE41640056A94D /* PBXContainerItemProxy */;
		};
/* End PBXTargetDependency section */

/* Begin PBXVariantGroup section */
		D8CF0B0429FE41610056A94D /* Main.storyboard */ = {
			isa = PBXVariantGroup;
			children = (
				D8CF0B0529FE41610056A94D /* Base */,
			);
			name = Main.storyboard;
			sourceTree = "<group>";
		};
		D8CF0B0929FE41640056A94D /* LaunchScreen.storyboard */ = {
			isa = PBXVariantGroup;
			children = (
				D8CF0B0A29FE41640056A94D /* Base */,
			);
			name = LaunchScreen.storyboard;
			sourceTree = "<group>";
		};
/* End PBXVariantGroup section */

/* Begin XCBuildConfiguration section */
		D8CF0B2229FE41640056A94D /* Debug */ = {
			isa = XCBuildConfiguration;
			buildSettings = {
				ALWAYS_SEARCH_USER_PATHS = YES;
				CLANG_ANALYZER_NONNULL = YES;
				CLANG_ANALYZER_NUMBER_OBJECT_CONVERSION = YES_AGGRESSIVE;
				CLANG_CXX_LANGUAGE_STANDARD = "gnu++20";
				CLANG_ENABLE_MODULES = YES;
				CLANG_ENABLE_OBJC_ARC = YES;
				CLANG_ENABLE_OBJC_WEAK = YES;
				CLANG_WARN_BLOCK_CAPTURE_AUTORELEASING = YES;
				CLANG_WARN_BOOL_CONVERSION = YES;
				CLANG_WARN_COMMA = YES;
				CLANG_WARN_CONSTANT_CONVERSION = YES;
				CLANG_WARN_DEPRECATED_OBJC_IMPLEMENTATIONS = YES;
				CLANG_WARN_DIRECT_OBJC_ISA_USAGE = YES_ERROR;
				CLANG_WARN_DOCUMENTATION_COMMENTS = YES;
				CLANG_WARN_EMPTY_BODY = YES;
				CLANG_WARN_ENUM_CONVERSION = YES;
				CLANG_WARN_INFINITE_RECURSION = YES;
				CLANG_WARN_INT_CONVERSION = YES;
				CLANG_WARN_NON_LITERAL_NULL_CONVERSION = YES;
				CLANG_WARN_OBJC_IMPLICIT_RETAIN_SELF = YES;
				CLANG_WARN_OBJC_LITERAL_CONVERSION = YES;
				CLANG_WARN_OBJC_ROOT_CLASS = YES_ERROR;
				CLANG_WARN_QUOTED_INCLUDE_IN_FRAMEWORK_HEADER = YES;
				CLANG_WARN_RANGE_LOOP_ANALYSIS = YES;
				CLANG_WARN_STRICT_PROTOTYPES = YES;
				CLANG_WARN_SUSPICIOUS_MOVE = YES;
				CLANG_WARN_UNGUARDED_AVAILABILITY = YES_AGGRESSIVE;
				CLANG_WARN_UNREACHABLE_CODE = YES;
				CLANG_WARN__DUPLICATE_METHOD_MATCH = YES;
				COPY_PHASE_STRIP = NO;
				DEBUG_INFORMATION_FORMAT = dwarf;
				ENABLE_STRICT_OBJC_MSGSEND = YES;
				ENABLE_TESTABILITY = YES;
				GCC_C_LANGUAGE_STANDARD = gnu11;
				GCC_DYNAMIC_NO_PIC = NO;
				GCC_NO_COMMON_BLOCKS = YES;
				GCC_OPTIMIZATION_LEVEL = 0;
				GCC_PREPROCESSOR_DEFINITIONS = (
					"DEBUG=1",
					"$(inherited)",
				);
				GCC_WARN_64_TO_32_BIT_CONVERSION = YES;
				GCC_WARN_ABOUT_RETURN_TYPE = YES_ERROR;
				GCC_WARN_UNDECLARED_SELECTOR = YES;
				GCC_WARN_UNINITIALIZED_AUTOS = YES_AGGRESSIVE;
				GCC_WARN_UNUSED_FUNCTION = YES;
				GCC_WARN_UNUSED_VARIABLE = YES;
				IPHONEOS_DEPLOYMENT_TARGET = 16.4;
				MTL_ENABLE_DEBUG_INFO = INCLUDE_SOURCE;
				MTL_FAST_MATH = YES;
				ONLY_ACTIVE_ARCH = YES;
				SDKROOT = iphoneos;
				SWIFT_ACTIVE_COMPILATION_CONDITIONS = DEBUG;
				SWIFT_OPTIMIZATION_LEVEL = "-Onone";
				USER_HEADER_SEARCH_PATHS = "$(PODS_ROOT)/**";
			};
			name = Debug;
		};
		D8CF0B2329FE41640056A94D /* Release */ = {
			isa = XCBuildConfiguration;
			buildSettings = {
				ALWAYS_SEARCH_USER_PATHS = YES;
				CLANG_ANALYZER_NONNULL = YES;
				CLANG_ANALYZER_NUMBER_OBJECT_CONVERSION = YES_AGGRESSIVE;
				CLANG_CXX_LANGUAGE_STANDARD = "gnu++20";
				CLANG_ENABLE_MODULES = YES;
				CLANG_ENABLE_OBJC_ARC = YES;
				CLANG_ENABLE_OBJC_WEAK = YES;
				CLANG_WARN_BLOCK_CAPTURE_AUTORELEASING = YES;
				CLANG_WARN_BOOL_CONVERSION = YES;
				CLANG_WARN_COMMA = YES;
				CLANG_WARN_CONSTANT_CONVERSION = YES;
				CLANG_WARN_DEPRECATED_OBJC_IMPLEMENTATIONS = YES;
				CLANG_WARN_DIRECT_OBJC_ISA_USAGE = YES_ERROR;
				CLANG_WARN_DOCUMENTATION_COMMENTS = YES;
				CLANG_WARN_EMPTY_BODY = YES;
				CLANG_WARN_ENUM_CONVERSION = YES;
				CLANG_WARN_INFINITE_RECURSION = YES;
				CLANG_WARN_INT_CONVERSION = YES;
				CLANG_WARN_NON_LITERAL_NULL_CONVERSION = YES;
				CLANG_WARN_OBJC_IMPLICIT_RETAIN_SELF = YES;
				CLANG_WARN_OBJC_LITERAL_CONVERSION = YES;
				CLANG_WARN_OBJC_ROOT_CLASS = YES_ERROR;
				CLANG_WARN_QUOTED_INCLUDE_IN_FRAMEWORK_HEADER = YES;
				CLANG_WARN_RANGE_LOOP_ANALYSIS = YES;
				CLANG_WARN_STRICT_PROTOTYPES = YES;
				CLANG_WARN_SUSPICIOUS_MOVE = YES;
				CLANG_WARN_UNGUARDED_AVAILABILITY = YES_AGGRESSIVE;
				CLANG_WARN_UNREACHABLE_CODE = YES;
				CLANG_WARN__DUPLICATE_METHOD_MATCH = YES;
				COPY_PHASE_STRIP = NO;
				DEBUG_INFORMATION_FORMAT = "dwarf-with-dsym";
				ENABLE_NS_ASSERTIONS = NO;
				ENABLE_STRICT_OBJC_MSGSEND = YES;
				GCC_C_LANGUAGE_STANDARD = gnu11;
				GCC_NO_COMMON_BLOCKS = YES;
				GCC_WARN_64_TO_32_BIT_CONVERSION = YES;
				GCC_WARN_ABOUT_RETURN_TYPE = YES_ERROR;
				GCC_WARN_UNDECLARED_SELECTOR = YES;
				GCC_WARN_UNINITIALIZED_AUTOS = YES_AGGRESSIVE;
				GCC_WARN_UNUSED_FUNCTION = YES;
				GCC_WARN_UNUSED_VARIABLE = YES;
				IPHONEOS_DEPLOYMENT_TARGET = 16.4;
				MTL_ENABLE_DEBUG_INFO = NO;
				MTL_FAST_MATH = YES;
				SDKROOT = iphoneos;
				SWIFT_COMPILATION_MODE = wholemodule;
				SWIFT_OPTIMIZATION_LEVEL = "-O";
				USER_HEADER_SEARCH_PATHS = "$(PODS_ROOT)/**";
				VALIDATE_PRODUCT = YES;
			};
			name = Release;
		};
		D8CF0B2529FE41640056A94D /* Debug */ = {
			isa = XCBuildConfiguration;
			buildSettings = {
				ASSETCATALOG_COMPILER_APPICON_NAME = AppIcon;
				ASSETCATALOG_COMPILER_GLOBAL_ACCENT_COLOR_NAME = AccentColor;
				CODE_SIGN_STYLE = Automatic;
				CURRENT_PROJECT_VERSION = 1;
				DEVELOPMENT_TEAM = 763ZK52CNF;
				GENERATE_INFOPLIST_FILE = YES;
				INFOPLIST_KEY_UIApplicationSupportsIndirectInputEvents = YES;
				INFOPLIST_KEY_UILaunchStoryboardName = LaunchScreen;
				INFOPLIST_KEY_UIMainStoryboardFile = Main;
				INFOPLIST_KEY_UIStatusBarHidden = YES;
				INFOPLIST_KEY_UISupportedInterfaceOrientations = "UIInterfaceOrientationLandscapeLeft UIInterfaceOrientationLandscapeRight";
				INFOPLIST_KEY_UISupportedInterfaceOrientations_iPad = "UIInterfaceOrientationLandscapeLeft UIInterfaceOrientationLandscapeRight UIInterfaceOrientationPortrait UIInterfaceOrientationPortraitUpsideDown";
				IPHONEOS_DEPLOYMENT_TARGET = 16.0;
				LD_RUNPATH_SEARCH_PATHS = (
					"$(inherited)",
					"@executable_path/Frameworks",
				);
				MARKETING_VERSION = 1.0;
				PRODUCT_BUNDLE_IDENTIFIER = Main123.polypoly;
				PRODUCT_NAME = "$(TARGET_NAME)";
				SWIFT_EMIT_LOC_STRINGS = YES;
				SWIFT_VERSION = 5.0;
				TARGETED_DEVICE_FAMILY = "1,2";
			};
			name = Debug;
		};
		D8CF0B2629FE41640056A94D /* Release */ = {
			isa = XCBuildConfiguration;
			buildSettings = {
				ASSETCATALOG_COMPILER_APPICON_NAME = AppIcon;
				ASSETCATALOG_COMPILER_GLOBAL_ACCENT_COLOR_NAME = AccentColor;
				CODE_SIGN_STYLE = Automatic;
				CURRENT_PROJECT_VERSION = 1;
				DEVELOPMENT_TEAM = 763ZK52CNF;
				GENERATE_INFOPLIST_FILE = YES;
				INFOPLIST_KEY_UIApplicationSupportsIndirectInputEvents = YES;
				INFOPLIST_KEY_UILaunchStoryboardName = LaunchScreen;
				INFOPLIST_KEY_UIMainStoryboardFile = Main;
				INFOPLIST_KEY_UIStatusBarHidden = YES;
				INFOPLIST_KEY_UISupportedInterfaceOrientations = "UIInterfaceOrientationLandscapeLeft UIInterfaceOrientationLandscapeRight";
				INFOPLIST_KEY_UISupportedInterfaceOrientations_iPad = "UIInterfaceOrientationLandscapeLeft UIInterfaceOrientationLandscapeRight UIInterfaceOrientationPortrait UIInterfaceOrientationPortraitUpsideDown";
				IPHONEOS_DEPLOYMENT_TARGET = 16.0;
				LD_RUNPATH_SEARCH_PATHS = (
					"$(inherited)",
					"@executable_path/Frameworks",
				);
				MARKETING_VERSION = 1.0;
				PRODUCT_BUNDLE_IDENTIFIER = Main123.polypoly;
				PRODUCT_NAME = "$(TARGET_NAME)";
				SWIFT_EMIT_LOC_STRINGS = YES;
				SWIFT_VERSION = 5.0;
				TARGETED_DEVICE_FAMILY = "1,2";
			};
			name = Release;
		};
		D8CF0B2829FE41640056A94D /* Debug */ = {
			isa = XCBuildConfiguration;
			buildSettings = {
				ALWAYS_EMBED_SWIFT_STANDARD_LIBRARIES = YES;
				BUNDLE_LOADER = "$(TEST_HOST)";
				CODE_SIGN_STYLE = Automatic;
				CURRENT_PROJECT_VERSION = 1;
				DEVELOPMENT_TEAM = 763ZK52CNF;
				GENERATE_INFOPLIST_FILE = YES;
				IPHONEOS_DEPLOYMENT_TARGET = 16.4;
				MARKETING_VERSION = 1.0;
				PRODUCT_BUNDLE_IDENTIFIER = Main.polypolyTests;
				PRODUCT_NAME = "$(TARGET_NAME)";
				SWIFT_EMIT_LOC_STRINGS = NO;
				SWIFT_VERSION = 5.0;
				TARGETED_DEVICE_FAMILY = "1,2";
				TEST_HOST = "$(BUILT_PRODUCTS_DIR)/polypoly.app/$(BUNDLE_EXECUTABLE_FOLDER_PATH)/polypoly";
			};
			name = Debug;
		};
		D8CF0B2929FE41640056A94D /* Release */ = {
			isa = XCBuildConfiguration;
			buildSettings = {
				ALWAYS_EMBED_SWIFT_STANDARD_LIBRARIES = YES;
				BUNDLE_LOADER = "$(TEST_HOST)";
				CODE_SIGN_STYLE = Automatic;
				CURRENT_PROJECT_VERSION = 1;
				DEVELOPMENT_TEAM = 763ZK52CNF;
				GENERATE_INFOPLIST_FILE = YES;
				IPHONEOS_DEPLOYMENT_TARGET = 16.4;
				MARKETING_VERSION = 1.0;
				PRODUCT_BUNDLE_IDENTIFIER = Main.polypolyTests;
				PRODUCT_NAME = "$(TARGET_NAME)";
				SWIFT_EMIT_LOC_STRINGS = NO;
				SWIFT_VERSION = 5.0;
				TARGETED_DEVICE_FAMILY = "1,2";
				TEST_HOST = "$(BUILT_PRODUCTS_DIR)/polypoly.app/$(BUNDLE_EXECUTABLE_FOLDER_PATH)/polypoly";
			};
			name = Release;
		};
		D8CF0B2B29FE41640056A94D /* Debug */ = {
			isa = XCBuildConfiguration;
			buildSettings = {
				ALWAYS_EMBED_SWIFT_STANDARD_LIBRARIES = YES;
				CODE_SIGN_STYLE = Automatic;
				CURRENT_PROJECT_VERSION = 1;
				DEVELOPMENT_TEAM = 763ZK52CNF;
				GENERATE_INFOPLIST_FILE = YES;
				MARKETING_VERSION = 1.0;
				PRODUCT_BUNDLE_IDENTIFIER = Main.polypolyUITests;
				PRODUCT_NAME = "$(TARGET_NAME)";
				SWIFT_EMIT_LOC_STRINGS = NO;
				SWIFT_VERSION = 5.0;
				TARGETED_DEVICE_FAMILY = "1,2";
				TEST_TARGET_NAME = polypoly;
			};
			name = Debug;
		};
		D8CF0B2C29FE41640056A94D /* Release */ = {
			isa = XCBuildConfiguration;
			buildSettings = {
				ALWAYS_EMBED_SWIFT_STANDARD_LIBRARIES = YES;
				CODE_SIGN_STYLE = Automatic;
				CURRENT_PROJECT_VERSION = 1;
				DEVELOPMENT_TEAM = 763ZK52CNF;
				GENERATE_INFOPLIST_FILE = YES;
				MARKETING_VERSION = 1.0;
				PRODUCT_BUNDLE_IDENTIFIER = Main.polypolyUITests;
				PRODUCT_NAME = "$(TARGET_NAME)";
				SWIFT_EMIT_LOC_STRINGS = NO;
				SWIFT_VERSION = 5.0;
				TARGETED_DEVICE_FAMILY = "1,2";
				TEST_TARGET_NAME = polypoly;
			};
			name = Release;
		};
/* End XCBuildConfiguration section */

/* Begin XCConfigurationList section */
		D8CF0AF229FE41610056A94D /* Build configuration list for PBXProject "polypoly" */ = {
			isa = XCConfigurationList;
			buildConfigurations = (
				D8CF0B2229FE41640056A94D /* Debug */,
				D8CF0B2329FE41640056A94D /* Release */,
			);
			defaultConfigurationIsVisible = 0;
			defaultConfigurationName = Release;
		};
		D8CF0B2429FE41640056A94D /* Build configuration list for PBXNativeTarget "polypoly" */ = {
			isa = XCConfigurationList;
			buildConfigurations = (
				D8CF0B2529FE41640056A94D /* Debug */,
				D8CF0B2629FE41640056A94D /* Release */,
			);
			defaultConfigurationIsVisible = 0;
			defaultConfigurationName = Release;
		};
		D8CF0B2729FE41640056A94D /* Build configuration list for PBXNativeTarget "polypolyTests" */ = {
			isa = XCConfigurationList;
			buildConfigurations = (
				D8CF0B2829FE41640056A94D /* Debug */,
				D8CF0B2929FE41640056A94D /* Release */,
			);
			defaultConfigurationIsVisible = 0;
			defaultConfigurationName = Release;
		};
		D8CF0B2A29FE41640056A94D /* Build configuration list for PBXNativeTarget "polypolyUITests" */ = {
			isa = XCConfigurationList;
			buildConfigurations = (
				D8CF0B2B29FE41640056A94D /* Debug */,
				D8CF0B2C29FE41640056A94D /* Release */,
			);
			defaultConfigurationIsVisible = 0;
			defaultConfigurationName = Release;
		};
/* End XCConfigurationList section */
	};
	rootObject = D8CF0AEF29FE41610056A94D /* Project object */;
}
